
Microsoft Visual Studio Solution File, Format Version 12.00
# Visual Studio Version 17
VisualStudioVersion = 17.5.001.0
MinimumVisualStudioVersion = 10.0.40219.1
Project("{9A19103F-16F7-4668-BE54-9A1E7A4F7556}") = "DialogBlazorEdition", "DialogBlazorEdition.csproj", "{D507D4C8-3946-4174-BD3A-A13BB2063F4A}"
EndProject
Global
	GlobalSection(SolutionConfigurationPlatforms) = preSolution
		Debug|Any CPU = Debug|Any CPU
		Release|Any CPU = Release|Any CPU
	EndGlobalSection
	GlobalSection(ProjectConfigurationPlatforms) = postSolution
		{D507D4C8-3946-4174-BD3A-A13BB2063F4A}.Debug|Any CPU.ActiveCfg = Debug|Any CPU
		{D507D4C8-3946-4174-BD3A-A13BB2063F4A}.Debug|Any CPU.Build.0 = Debug|Any CPU
		{D507D4C8-3946-4174-BD3A-A13BB2063F4A}.Release|Any CPU.ActiveCfg = Release|Any CPU
		{D507D4C8-3946-4174-BD3A-A13BB2063F4A}.Release|Any CPU.Build.0 = Release|Any CPU
	EndGlobalSection
	GlobalSection(SolutionProperties) = preSolution
		HideSolutionNode = FALSE
	EndGlobalSection
	GlobalSection(ExtensibilityGlobals) = postSolution
		SolutionGuid = {28A56533-BD5F-40FB-B76C-DC1456BE78CC}
	EndGlobalSection
EndGlobal
